
Microsoft Visual Studio Solution File, Format Version 12.00
# Visual Studio Version 17
VisualStudioVersion = 17.5.33424.131
MinimumVisualStudioVersion = 10.0.40219.1
Project("{FAE04EC0-301F-11D3-BF4B-00C04F79EFBC}") = "ASPProject", "ASPProject.csproj", "{CA4ACC9F-0A1A-4A66-A525-2A21AE619B61}"
EndProject
Global
	GlobalSection(SolutionConfigurationPlatforms) = preSolution
		Debug|Any CPU = Debug|Any CPU
		Release|Any CPU = Release|Any CPU
	EndGlobalSection
	GlobalSection(ProjectConfigurationPlatforms) = postSolution
		{CA4ACC9F-0A1A-4A66-A525-2A21AE619B61}.Debug|Any CPU.ActiveCfg = Debug|Any CPU
		{CA4ACC9F-0A1A-4A66-A525-2A21AE619B61}.Debug|Any CPU.Build.0 = Debug|Any CPU
		{CA4ACC9F-0A1A-4A66-A525-2A21AE619B61}.Release|Any CPU.ActiveCfg = Release|Any CPU
		{CA4ACC9F-0A1A-4A66-A525-2A21AE619B61}.Release|Any CPU.Build.0 = Release|Any CPU
	EndGlobalSection
	GlobalSection(SolutionProperties) = preSolution
		HideSolutionNode = FALSE
	EndGlobalSection
	GlobalSection(ExtensibilityGlobals) = postSolution
		SolutionGuid = {D64ECF32-B6FA-4751-B128-03A547AEA1B1}
	EndGlobalSection
EndGlobal
